<Solution>
  <Configurations>
    <Platform Name="x64" />
    <Platform Name="x86" />
  </Configurations>
  <Project Path="DA 2.1/DA 2.1.vcxproj" Id="72043cfb-5b12-4686-bde2-a3eec3560083" />
  <Project Path="DA 2.4/DA 2.4.vcxproj" Id="7c8ec4db-071f-4d22-9350-9708e7a15e2e" />
  <Project Path="DA 3.1/DA 3.1.vcxproj" Id="8e6534ab-f61d-49e6-9f1b-b3214cc144b2" />
  <Project Path="DA 3.2/DA 3.2.vcxproj" Id="1190b1f5-8b27-4fda-abe9-546033dfdf55" />
  <Project Path="DA 3.3/DA 3.3.vcxproj" Id="bcdfbf09-9d2e-42dc-924d-a8a9bed634f1" />
  <Project Path="DA 4.1/DA 4.1.vcxproj" Id="49bc276e-2616-471f-8c0e-58254a0a0777" />
  <Project Path="DA 4.2/DA 4.2.vcxproj" Id="38602859-ae7f-4c70-99a0-16812b539554" />
  <Project Path="DA 4.3/DA 4.3.vcxproj" Id="0dfca905-ddf2-431e-b02e-6c349332fa9d" />
  <Project Path="DA 4.4/DA 4.4.vcxproj" Id="67d02750-2c8d-47ac-a549-9f71e9c1967c" />
  <Project Path="DA 5.1/DA 5.1.vcxproj" Id="b1a0a465-a661-41b3-af7c-1bffa9f2dcfe" />
  <Project Path="Module 2 Exam Coding Portion Practice/Module 2 Exam Coding Portion Practice.vcxproj" Id="0568d0ec-5716-4264-b9c1-4a4bffa0a3bc" />
  <Project Path="Module 3 Exam Coding Protion Practice/Module 3 Exam Coding Protion Practice.vcxproj" Id="d126a2ef-664d-47bb-af29-fe61b9dcb848" />
  <Project Path="Parking Ticket Simulator/Parking Ticket Simulator.vcxproj" Id="9996ae21-6464-45e6-ac6a-780859e88b42" />
</Solution>
